# THIS IS AN AUTOGENERATED FILE. DO NOT EDIT THIS FILE DIRECTLY.
# yarn lockfile v1


uikit@^3.2.2:
  version "3.2.2"
  resolved "https://registry.yarnpkg.com/uikit/-/uikit-3.2.2.tgz#a3669b7a7be469097ce1f3786a922a28c2f14783"
  integrity sha512-Xv1aA5R/m2xNnva4vM06sCKRLH4hYQtpMoligGeKavbOPPuAO1TlTCSG6Tz2JSPJ5cDayvULTWX5pzpDr8tc4Q==

yarn@^1.22.13:
  version "1.22.13"
  resolved "https://registry.yarnpkg.com/yarn/-/yarn-1.22.13.tgz#8789ef23b630fe99b819b044f4b7b93ab1bc1b8f"
  integrity sha512-G8qG4t7Ef5cLVpzbM3HWWsow4hpfeSCfKtMnjfERmp9V5qSCOKz0uGAIQCM/x3gWfCzH8Bvb4hl3ZfhG/XD1Jg==
