# THIS IS AN AUTOGENERATED FILE. DO NOT EDIT THIS FILE DIRECTLY.
# yarn lockfile v1


uikit@^3.2.2:
  version "3.2.2"
  resolved "https://registry.yarnpkg.com/uikit/-/uikit-3.2.2.tgz#a3669b7a7be469097ce1f3786a922a28c2f14783"
  integrity sha512-Xv1aA5R/m2xNnva4vM06sCKRLH4hYQtpMoligGeKavbOPPuAO1TlTCSG6Tz2JSPJ5cDayvULTWX5pzpDr8tc4Q==

yarn@^1.19.1:
  version "1.19.1"
  resolved "https://registry.yarnpkg.com/yarn/-/yarn-1.19.1.tgz#14b92410dd1ba5bab87a12b4a3d807f4569bea97"
  integrity sha512-gBnfbL9rYY05Gt0cjJhs/siqQXHYlZalTjK3nXn2QO20xbkIFPob+LlH44ML47GcR4VU9/2dYck1BWFM0Javxw==
